
Microsoft Visual Studio Solution File, Format Version 12.00
# Visual Studio Version 16
VisualStudioVersion = 16.0.31624.102
MinimumVisualStudioVersion = 10.0.40219.1
Project("{FAE04EC0-301F-11D3-BF4B-00C04F79EFBC}") = "formationdebut14", "formationdebut14\formationdebut14.csproj", "{9319EC38-99F9-4BBF-9601-3F3806EBE7B1}"
EndProject
Global
	GlobalSection(SolutionConfigurationPlatforms) = preSolution
		Debug|Any CPU = Debug|Any CPU
		Release|Any CPU = Release|Any CPU
	EndGlobalSection
	GlobalSection(ProjectConfigurationPlatforms) = postSolution
		{9319EC38-99F9-4BBF-9601-3F3806EBE7B1}.Debug|Any CPU.ActiveCfg = Debug|Any CPU
		{9319EC38-99F9-4BBF-9601-3F3806EBE7B1}.Debug|Any CPU.Build.0 = Debug|Any CPU
		{9319EC38-99F9-4BBF-9601-3F3806EBE7B1}.Release|Any CPU.ActiveCfg = Release|Any CPU
		{9319EC38-99F9-4BBF-9601-3F3806EBE7B1}.Release|Any CPU.Build.0 = Release|Any CPU
	EndGlobalSection
	GlobalSection(SolutionProperties) = preSolution
		HideSolutionNode = FALSE
	EndGlobalSection
	GlobalSection(ExtensibilityGlobals) = postSolution
		SolutionGuid = {F11F1053-2A8D-4197-B1F4-A7FAA9D16668}
	EndGlobalSection
EndGlobal
