
Microsoft Visual Studio Solution File, Format Version 12.00
# Visual Studio Version 16
VisualStudioVersion = 16.0.31624.102
MinimumVisualStudioVersion = 10.0.40219.1
Project("{FAE04EC0-301F-11D3-BF4B-00C04F79EFBC}") = "formationdebut19", "formationdebut19\formationdebut19.csproj", "{BE4F118C-25CB-4EF6-9DD4-CDD60D044711}"
EndProject
Global
	GlobalSection(SolutionConfigurationPlatforms) = preSolution
		Debug|Any CPU = Debug|Any CPU
		Release|Any CPU = Release|Any CPU
	EndGlobalSection
	GlobalSection(ProjectConfigurationPlatforms) = postSolution
		{BE4F118C-25CB-4EF6-9DD4-CDD60D044711}.Debug|Any CPU.ActiveCfg = Debug|Any CPU
		{BE4F118C-25CB-4EF6-9DD4-CDD60D044711}.Debug|Any CPU.Build.0 = Debug|Any CPU
		{BE4F118C-25CB-4EF6-9DD4-CDD60D044711}.Release|Any CPU.ActiveCfg = Release|Any CPU
		{BE4F118C-25CB-4EF6-9DD4-CDD60D044711}.Release|Any CPU.Build.0 = Release|Any CPU
	EndGlobalSection
	GlobalSection(SolutionProperties) = preSolution
		HideSolutionNode = FALSE
	EndGlobalSection
	GlobalSection(ExtensibilityGlobals) = postSolution
		SolutionGuid = {FBB54C2A-6303-44BE-9341-3A06657A2E70}
	EndGlobalSection
EndGlobal
