
Microsoft Visual Studio Solution File, Format Version 12.00
# Visual Studio Version 16
VisualStudioVersion = 16.0.31624.102
MinimumVisualStudioVersion = 10.0.40219.1
Project("{FAE04EC0-301F-11D3-BF4B-00C04F79EFBC}") = "formationdebut7", "formationdebut7\formationdebut7.csproj", "{4C9B9EB5-43AF-4C3C-AE27-789DD3A309CE}"
EndProject
Global
	GlobalSection(SolutionConfigurationPlatforms) = preSolution
		Debug|Any CPU = Debug|Any CPU
		Release|Any CPU = Release|Any CPU
	EndGlobalSection
	GlobalSection(ProjectConfigurationPlatforms) = postSolution
		{4C9B9EB5-43AF-4C3C-AE27-789DD3A309CE}.Debug|Any CPU.ActiveCfg = Debug|Any CPU
		{4C9B9EB5-43AF-4C3C-AE27-789DD3A309CE}.Debug|Any CPU.Build.0 = Debug|Any CPU
		{4C9B9EB5-43AF-4C3C-AE27-789DD3A309CE}.Release|Any CPU.ActiveCfg = Release|Any CPU
		{4C9B9EB5-43AF-4C3C-AE27-789DD3A309CE}.Release|Any CPU.Build.0 = Release|Any CPU
	EndGlobalSection
	GlobalSection(SolutionProperties) = preSolution
		HideSolutionNode = FALSE
	EndGlobalSection
	GlobalSection(ExtensibilityGlobals) = postSolution
		SolutionGuid = {EB401BA4-F6C8-47B1-A3CA-43614B50F08D}
	EndGlobalSection
EndGlobal
