
Microsoft Visual Studio Solution File, Format Version 12.00
# Visual Studio Version 16
VisualStudioVersion = 16.0.31624.102
MinimumVisualStudioVersion = 10.0.40219.1
Project("{FAE04EC0-301F-11D3-BF4B-00C04F79EFBC}") = "formationdebut33", "formationdebut33\formationdebut33.csproj", "{430F1EC9-9960-426D-8EDA-567C8FF02012}"
EndProject
Global
	GlobalSection(SolutionConfigurationPlatforms) = preSolution
		Debug|Any CPU = Debug|Any CPU
		Release|Any CPU = Release|Any CPU
	EndGlobalSection
	GlobalSection(ProjectConfigurationPlatforms) = postSolution
		{430F1EC9-9960-426D-8EDA-567C8FF02012}.Debug|Any CPU.ActiveCfg = Debug|Any CPU
		{430F1EC9-9960-426D-8EDA-567C8FF02012}.Debug|Any CPU.Build.0 = Debug|Any CPU
		{430F1EC9-9960-426D-8EDA-567C8FF02012}.Release|Any CPU.ActiveCfg = Release|Any CPU
		{430F1EC9-9960-426D-8EDA-567C8FF02012}.Release|Any CPU.Build.0 = Release|Any CPU
	EndGlobalSection
	GlobalSection(SolutionProperties) = preSolution
		HideSolutionNode = FALSE
	EndGlobalSection
	GlobalSection(ExtensibilityGlobals) = postSolution
		SolutionGuid = {A3011C21-549A-4686-B4AD-6C04E106BCBF}
	EndGlobalSection
EndGlobal
