
Microsoft Visual Studio Solution File, Format Version 12.00
# Visual Studio Version 16
VisualStudioVersion = 16.0.31624.102
MinimumVisualStudioVersion = 10.0.40219.1
Project("{FAE04EC0-301F-11D3-BF4B-00C04F79EFBC}") = "formationdebut35", "formationdebut35\formationdebut35.csproj", "{31B28852-AF83-4D30-840E-3610F2244F3C}"
EndProject
Global
	GlobalSection(SolutionConfigurationPlatforms) = preSolution
		Debug|Any CPU = Debug|Any CPU
		Release|Any CPU = Release|Any CPU
	EndGlobalSection
	GlobalSection(ProjectConfigurationPlatforms) = postSolution
		{31B28852-AF83-4D30-840E-3610F2244F3C}.Debug|Any CPU.ActiveCfg = Debug|Any CPU
		{31B28852-AF83-4D30-840E-3610F2244F3C}.Debug|Any CPU.Build.0 = Debug|Any CPU
		{31B28852-AF83-4D30-840E-3610F2244F3C}.Release|Any CPU.ActiveCfg = Release|Any CPU
		{31B28852-AF83-4D30-840E-3610F2244F3C}.Release|Any CPU.Build.0 = Release|Any CPU
	EndGlobalSection
	GlobalSection(SolutionProperties) = preSolution
		HideSolutionNode = FALSE
	EndGlobalSection
	GlobalSection(ExtensibilityGlobals) = postSolution
		SolutionGuid = {2CE8D3AC-4034-4371-A5ED-C74F1B5A3AEC}
	EndGlobalSection
EndGlobal
