
Microsoft Visual Studio Solution File, Format Version 12.00
# Visual Studio Version 16
VisualStudioVersion = 16.0.31624.102
MinimumVisualStudioVersion = 10.0.40219.1
Project("{FAE04EC0-301F-11D3-BF4B-00C04F79EFBC}") = "formationdebut2", "formationdebut2\formationdebut2.csproj", "{65B1A131-0373-4892-B757-5271FC476A01}"
EndProject
Global
	GlobalSection(SolutionConfigurationPlatforms) = preSolution
		Debug|Any CPU = Debug|Any CPU
		Release|Any CPU = Release|Any CPU
	EndGlobalSection
	GlobalSection(ProjectConfigurationPlatforms) = postSolution
		{65B1A131-0373-4892-B757-5271FC476A01}.Debug|Any CPU.ActiveCfg = Debug|Any CPU
		{65B1A131-0373-4892-B757-5271FC476A01}.Debug|Any CPU.Build.0 = Debug|Any CPU
		{65B1A131-0373-4892-B757-5271FC476A01}.Release|Any CPU.ActiveCfg = Release|Any CPU
		{65B1A131-0373-4892-B757-5271FC476A01}.Release|Any CPU.Build.0 = Release|Any CPU
	EndGlobalSection
	GlobalSection(SolutionProperties) = preSolution
		HideSolutionNode = FALSE
	EndGlobalSection
	GlobalSection(ExtensibilityGlobals) = postSolution
		SolutionGuid = {78AB0636-411B-4DB2-899A-FCDE34D4D84E}
	EndGlobalSection
EndGlobal
