
Microsoft Visual Studio Solution File, Format Version 12.00
# Visual Studio Version 16
VisualStudioVersion = 16.0.31624.102
MinimumVisualStudioVersion = 10.0.40219.1
Project("{FAE04EC0-301F-11D3-BF4B-00C04F79EFBC}") = "formationdebut24", "formationdebut24\formationdebut24.csproj", "{55037327-BA7F-497D-AC7E-54706A1DF2D1}"
EndProject
Global
	GlobalSection(SolutionConfigurationPlatforms) = preSolution
		Debug|Any CPU = Debug|Any CPU
		Release|Any CPU = Release|Any CPU
	EndGlobalSection
	GlobalSection(ProjectConfigurationPlatforms) = postSolution
		{55037327-BA7F-497D-AC7E-54706A1DF2D1}.Debug|Any CPU.ActiveCfg = Debug|Any CPU
		{55037327-BA7F-497D-AC7E-54706A1DF2D1}.Debug|Any CPU.Build.0 = Debug|Any CPU
		{55037327-BA7F-497D-AC7E-54706A1DF2D1}.Release|Any CPU.ActiveCfg = Release|Any CPU
		{55037327-BA7F-497D-AC7E-54706A1DF2D1}.Release|Any CPU.Build.0 = Release|Any CPU
	EndGlobalSection
	GlobalSection(SolutionProperties) = preSolution
		HideSolutionNode = FALSE
	EndGlobalSection
	GlobalSection(ExtensibilityGlobals) = postSolution
		SolutionGuid = {4B856950-DC09-4CDD-8308-59332E468F05}
	EndGlobalSection
EndGlobal
