
Microsoft Visual Studio Solution File, Format Version 12.00
# Visual Studio Version 16
VisualStudioVersion = 16.0.31624.102
MinimumVisualStudioVersion = 10.0.40219.1
Project("{FAE04EC0-301F-11D3-BF4B-00C04F79EFBC}") = "formationdebut30", "formationdebut30\formationdebut30.csproj", "{185718DB-D766-460E-BBAA-236E77ACF648}"
EndProject
Global
	GlobalSection(SolutionConfigurationPlatforms) = preSolution
		Debug|Any CPU = Debug|Any CPU
		Release|Any CPU = Release|Any CPU
	EndGlobalSection
	GlobalSection(ProjectConfigurationPlatforms) = postSolution
		{185718DB-D766-460E-BBAA-236E77ACF648}.Debug|Any CPU.ActiveCfg = Debug|Any CPU
		{185718DB-D766-460E-BBAA-236E77ACF648}.Debug|Any CPU.Build.0 = Debug|Any CPU
		{185718DB-D766-460E-BBAA-236E77ACF648}.Release|Any CPU.ActiveCfg = Release|Any CPU
		{185718DB-D766-460E-BBAA-236E77ACF648}.Release|Any CPU.Build.0 = Release|Any CPU
	EndGlobalSection
	GlobalSection(SolutionProperties) = preSolution
		HideSolutionNode = FALSE
	EndGlobalSection
	GlobalSection(ExtensibilityGlobals) = postSolution
		SolutionGuid = {095388F1-0F84-4F41-A413-3D688F7F2F3C}
	EndGlobalSection
EndGlobal
